<?xml version="1.0" encoding="utf-8"?>
<Project ToolsVersion="4.0" xmlns="http://schemas.microsoft.com/developer/msbuild/2003">
  <ItemGroup>
    <Filter Include="Source Files">
      <UniqueIdentifier>{4FC737F1-C7A5-4376-A066-2A32D752A2FF}</UniqueIdentifier>
      <Extensions>cpp;c;cc;cxx;def;odl;idl;hpj;bat;asm;asmx</Extensions>
    </Filter>
    <Filter Include="Header Files">
      <UniqueIdentifier>{93995380-89BD-4b04-88EB-625FBE52EBFB}</UniqueIdentifier>
      <Extensions>h;hpp;hxx;hm;inl;inc;xsd</Extensions>
    </Filter>
    <Filter Include="Resource Files">
      <UniqueIdentifier>{67DA6AB6-F800-4c08-8B7A-83BB121AAD01}</UniqueIdentifier>
      <Extensions>rc;ico;cur;bmp;dlg;rc2;rct;bin;rgs;gif;jpg;jpeg;jpe;resx;tiff;tif;png;wav;mfcribbon-ms</Extensions>
    </Filter>
  </ItemGroup>
  <ItemGroup>
    <ClCompile Include="roguezombie\main.cpp">
      <Filter>Source Files</Filter>
    </ClCompile>
    <ClCompile Include="roguezombie\ResourcePath.cpp">
      <Filter>Source Files</Filter>
    </ClCompile>
    <ClCompile Include="roguezombie\bitengine\Audio\MusicManager.cpp">
      <Filter>Source Files</Filter>
    </ClCompile>
    <ClCompile Include="roguezombie\bitengine\Audio\SoundManager.cpp">
      <Filter>Source Files</Filter>
    </ClCompile>
    <ClCompile Include="roguezombie\bitengine\Game\GameComponent.cpp">
      <Filter>Source Files</Filter>
    </ClCompile>
    <ClCompile Include="roguezombie\bitengine\Game\GameTimer.cpp">
      <Filter>Source Files</Filter>
    </ClCompile>
    <ClCompile Include="roguezombie\bitengine\Graphics\Vertex3.cpp">
      <Filter>Source Files</Filter>
    </ClCompile>
    <ClCompile Include="roguezombie\bitengine\Graphics\Vertex3Array.cpp">
      <Filter>Source Files</Filter>
    </ClCompile>
    <ClCompile Include="roguezombie\bitengine\Graphics\VertexHelper.cpp">
      <Filter>Source Files</Filter>
    </ClCompile>
    <ClCompile Include="roguezombie\bitengine\Graphics\VertexMap.cpp">
      <Filter>Source Files</Filter>
    </ClCompile>
    <ClCompile Include="roguezombie\bitengine\Input\InputBinding.cpp">
      <Filter>Source Files</Filter>
    </ClCompile>
    <ClCompile Include="roguezombie\bitengine\Input\InputBindingVector.cpp">
      <Filter>Source Files</Filter>
    </ClCompile>
    <ClCompile Include="roguezombie\bitengine\Input\InputManager.cpp">
      <Filter>Source Files</Filter>
    </ClCompile>
    <ClCompile Include="roguezombie\bitengine\Input\XinputGamepad.cpp">
      <Filter>Source Files</Filter>
    </ClCompile>
    <ClCompile Include="roguezombie\bitengine\Math\VectorMath.cpp">
      <Filter>Source Files</Filter>
    </ClCompile>
    <ClCompile Include="roguezombie\bitengine\Math\Math.cpp">
      <Filter>Source Files</Filter>
    </ClCompile>
    <ClCompile Include="roguezombie\bitengine\Graphics\SpriteLoader.cpp">
      <Filter>Source Files</Filter>
    </ClCompile>
    <ClCompile Include="roguezombie\bitengine\Graphics\Sprite.cpp">
      <Filter>Source Files</Filter>
    </ClCompile>
    <ClCompile Include="roguezombie\bitengine\Graphics\Camera.cpp">
      <Filter>Source Files</Filter>
    </ClCompile>
    <ClCompile Include="roguezombie\bitengine\Graphics\Animation.cpp">
      <Filter>Source Files</Filter>
    </ClCompile>
    <ClCompile Include="roguezombie\bitengine\Game\Game.cpp">
      <Filter>Source Files</Filter>
    </ClCompile>
    <ClCompile Include="roguezombie\bitengine\Gui\Element.cpp">
      <Filter>Source Files</Filter>
    </ClCompile>
    <ClCompile Include="roguezombie\bitengine\Gui\Effect.cpp">
      <Filter>Source Files</Filter>
    </ClCompile>
    <ClCompile Include="roguezombie\bitengine\Gui\Easing.cpp">
      <Filter>Source Files</Filter>
    </ClCompile>
    <ClCompile Include="roguezombie\bitengine\Gui\Mouse.cpp">
      <Filter>Source Files</Filter>
    </ClCompile>
    <ClCompile Include="roguezombie\bitengine\Gui\MoveEffect.cpp">
      <Filter>Source Files</Filter>
    </ClCompile>
    <ClCompile Include="roguezombie\bitengine\Gui\Picture.cpp">
      <Filter>Source Files</Filter>
    </ClCompile>
    <ClCompile Include="roguezombie\bitengine\Gui\Slider.cpp">
      <Filter>Source Files</Filter>
    </ClCompile>
    <ClCompile Include="roguezombie\bitengine\Gui\Label.cpp">
      <Filter>Source Files</Filter>
    </ClCompile>
    <ClCompile Include="roguezombie\bitengine\Gui\Container.cpp">
      <Filter>Source Files</Filter>
    </ClCompile>
    <ClCompile Include="roguezombie\bitengine\Gui\Checkbox.cpp">
      <Filter>Source Files</Filter>
    </ClCompile>
    <ClCompile Include="roguezombie\bitengine\Intelligence\Astar.cpp">
      <Filter>Source Files</Filter>
    </ClCompile>
    <ClCompile Include="roguezombie\bitengine\Intelligence\Node.cpp">
      <Filter>Source Files</Filter>
    </ClCompile>
    <ClCompile Include="roguezombie\bitengine\System\FileSystem.cpp">
      <Filter>Source Files</Filter>
    </ClCompile>
    <ClCompile Include="roguezombie\bitengine\Math\Random.cpp">
      <Filter>Source Files</Filter>
    </ClCompile>
    <ClCompile Include="roguezombie\bitengine\Math\mtrand.cpp">
      <Filter>Source Files</Filter>
    </ClCompile>
    <ClCompile Include="roguezombie\bitengine\System\Output.cpp">
      <Filter>Source Files</Filter>
    </ClCompile>
    <ClCompile Include="roguezombie\bitengine\Game\State.cpp">
      <Filter>Source Files</Filter>
    </ClCompile>
    <ClCompile Include="roguezombie\bitengine\Game\StateStack.cpp">
      <Filter>Source Files</Filter>
    </ClCompile>
    <ClCompile Include="roguezombie\bitengine\Network\ClientPacket.cpp">
      <Filter>Source Files</Filter>
    </ClCompile>
    <ClCompile Include="roguezombie\bitengine\Network\ClientServerState.cpp">
      <Filter>Source Files</Filter>
    </ClCompile>
    <ClCompile Include="roguezombie\bitengine\Network\RemoteClient.cpp">
      <Filter>Source Files</Filter>
    </ClCompile>
    <ClCompile Include="roguezombie\bitengine\Network\Server.cpp">
      <Filter>Source Files</Filter>
    </ClCompile>
    <ClCompile Include="roguezombie\bitengine\Network\ServerPacket.cpp">
      <Filter>Source Files</Filter>
    </ClCompile>
    <ClCompile Include="roguezombie\game\Command.cpp">
      <Filter>Source Files</Filter>
    </ClCompile>
    <ClCompile Include="roguezombie\game\GameplayServer.cpp">
      <Filter>Source Files</Filter>
    </ClCompile>
    <ClCompile Include="roguezombie\game\Player.cpp">
      <Filter>Source Files</Filter>
    </ClCompile>
    <ClCompile Include="roguezombie\game\RogueZombieGame.cpp">
      <Filter>Source Files</Filter>
    </ClCompile>
    <ClCompile Include="roguezombie\game\Tile.cpp">
      <Filter>Source Files</Filter>
    </ClCompile>
    <ClCompile Include="roguezombie\game\Character.cpp">
      <Filter>Source Files</Filter>
    </ClCompile>
    <ClCompile Include="roguezombie\game\characters\Zombie.cpp">
      <Filter>Source Files</Filter>
    </ClCompile>
    <ClCompile Include="roguezombie\game\characters\ZombieClient.cpp">
      <Filter>Source Files</Filter>
    </ClCompile>
    <ClCompile Include="roguezombie\game\TileClient.cpp">
      <Filter>Source Files</Filter>
    </ClCompile>
    <ClCompile Include="roguezombie\game\Body.cpp">
      <Filter>Source Files</Filter>
    </ClCompile>
    <ClCompile Include="roguezombie\game\Structure.cpp">
      <Filter>Source Files</Filter>
    </ClCompile>
    <ClCompile Include="roguezombie\game\structures\Wall.cpp">
      <Filter>Source Files</Filter>
    </ClCompile>
    <ClCompile Include="roguezombie\game\structures\WallClient.cpp">
      <Filter>Source Files</Filter>
    </ClCompile>
    <ClCompile Include="roguezombie\game\characters\Ogre.cpp">
      <Filter>Source Files</Filter>
    </ClCompile>
    <ClCompile Include="roguezombie\game\characters\OgreClient.cpp">
      <Filter>Source Files</Filter>
    </ClCompile>
    <ClCompile Include="roguezombie\bitengine\Intelligence\Shadowcaster.cpp">
      <Filter>Source Files</Filter>
    </ClCompile>
    <ClCompile Include="roguezombie\game\Light.cpp">
      <Filter>Source Files</Filter>
    </ClCompile>
    <ClCompile Include="roguezombie\bitengine\Game\FrameTimer.cpp">
      <Filter>Source Files</Filter>
    </ClCompile>
    <ClCompile Include="roguezombie\game\structures\Door.cpp">
      <Filter>Source Files</Filter>
    </ClCompile>
    <ClCompile Include="roguezombie\game\structures\DoorClient.cpp">
      <Filter>Source Files</Filter>
    </ClCompile>
    <ClCompile Include="roguezombie\game\Level.cpp">
      <Filter>Source Files</Filter>
    </ClCompile>
    <ClCompile Include="roguezombie\game\LevelClient.cpp">
      <Filter>Source Files</Filter>
    </ClCompile>
    <ClCompile Include="roguezombie\bitengine\Game\VideoGame.cpp">
      <Filter>Source Files</Filter>
    </ClCompile>
    <ClCompile Include="roguezombie\game\RogueZombieServer.cpp">
      <Filter>Source Files</Filter>
    </ClCompile>
    <ClCompile Include="roguezombie\game\StateGameStart.cpp">
      <Filter>Source Files</Filter>
    </ClCompile>
    <ClCompile Include="roguezombie\game\StateGamePlay.cpp">
      <Filter>Source Files</Filter>
    </ClCompile>
    <ClCompile Include="roguezombie\game\StateServerPlay.cpp">
      <Filter>Source Files</Filter>
    </ClCompile>
    <ClCompile Include="roguezombie\bitengine\Gui\FadeEffect.cpp">
      <Filter>Source Files</Filter>
    </ClCompile>
    <ClCompile Include="roguezombie\game\menus\StartMainMenu.cpp">
      <Filter>Source Files</Filter>
    </ClCompile>
    <ClCompile Include="roguezombie\game\levels\Interior.cpp">
      <Filter>Source Files</Filter>
    </ClCompile>
    <ClCompile Include="roguezombie\game\StateGameError.cpp">
      <Filter>Source Files</Filter>
    </ClCompile>
    <ClCompile Include="roguezombie\game\menus\StateMenu.cpp">
      <Filter>Source Files</Filter>
    </ClCompile>
    <ClCompile Include="roguezombie\game\menus\ErrorMenu.cpp">
      <Filter>Source Files</Filter>
    </ClCompile>
    <ClCompile Include="roguezombie\game\mission\Mission.cpp">
      <Filter>Source Files</Filter>
    </ClCompile>
    <ClCompile Include="roguezombie\game\mission\MissionClient.cpp">
      <Filter>Source Files</Filter>
    </ClCompile>
    <ClCompile Include="roguezombie\game\mission\JournalEntry.cpp">
      <Filter>Source Files</Filter>
    </ClCompile>
    <ClCompile Include="roguezombie\game\hud\HudElement.cpp">
      <Filter>Source Files</Filter>
    </ClCompile>
    <ClCompile Include="roguezombie\game\hud\OptionsBar.cpp">
      <Filter>Source Files</Filter>
    </ClCompile>
    <ClCompile Include="roguezombie\game\hud\Hud.cpp">
      <Filter>Source Files</Filter>
    </ClCompile>
    <ClCompile Include="roguezombie\game\hud\Minimap.cpp">
      <Filter>Source Files</Filter>
    </ClCompile>
    <ClCompile Include="roguezombie\game\items\Item.cpp">
      <Filter>Source Files</Filter>
    </ClCompile>
    <ClCompile Include="roguezombie\game\items\ItemClient.cpp">
      <Filter>Source Files</Filter>
    </ClCompile>
    <ClCompile Include="roguezombie\game\BodyClient.cpp">
      <Filter>Source Files</Filter>
    </ClCompile>
    <ClCompile Include="roguezombie\game\CharacterClient.cpp">
      <Filter>Source Files</Filter>
    </ClCompile>
    <ClCompile Include="roguezombie\game\StructureClient.cpp">
      <Filter>Source Files</Filter>
    </ClCompile>
  </ItemGroup>
  <ItemGroup>
    <None Include="roguezombie\content\Agency.ttf" />
  </ItemGroup>
  <ItemGroup>
    <ClInclude Include="roguezombie\cpd.h">
      <Filter>Header Files</Filter>
    </ClInclude>
    <ClInclude Include="roguezombie\ResourcePath.h">
      <Filter>Header Files</Filter>
    </ClInclude>
    <ClInclude Include="roguezombie\bitengine\Math.h">
      <Filter>Header Files</Filter>
    </ClInclude>
    <ClInclude Include="roguezombie\bitengine\Math\Math.hpp">
      <Filter>Header Files</Filter>
    </ClInclude>
    <ClInclude Include="roguezombie\bitengine\Math\VectorMath.hpp">
      <Filter>Header Files</Filter>
    </ClInclude>
    <ClInclude Include="roguezombie\bitengine\Structures\Pool.hpp">
      <Filter>Header Files</Filter>
    </ClInclude>
    <ClInclude Include="roguezombie\bitengine\Structures\Quadtree.hpp">
      <Filter>Header Files</Filter>
    </ClInclude>
    <ClInclude Include="roguezombie\bitengine\Input\InputBinding.hpp">
      <Filter>Header Files</Filter>
    </ClInclude>
    <ClInclude Include="roguezombie\bitengine\Input\InputBindingVector.hpp">
      <Filter>Header Files</Filter>
    </ClInclude>
    <ClInclude Include="roguezombie\bitengine\Input\InputManager.hpp">
      <Filter>Header Files</Filter>
    </ClInclude>
    <ClInclude Include="roguezombie\bitengine\Input\XinputGamepad.hpp">
      <Filter>Header Files</Filter>
    </ClInclude>
    <ClInclude Include="roguezombie\bitengine\Graphics\Vertex3.hpp">
      <Filter>Header Files</Filter>
    </ClInclude>
    <ClInclude Include="roguezombie\bitengine\Graphics\Vertex3Array.hpp">
      <Filter>Header Files</Filter>
    </ClInclude>
    <ClInclude Include="roguezombie\bitengine\Graphics\VertexHelper.hpp">
      <Filter>Header Files</Filter>
    </ClInclude>
    <ClInclude Include="roguezombie\bitengine\Graphics\VertexMap.hpp">
      <Filter>Header Files</Filter>
    </ClInclude>
    <ClInclude Include="roguezombie\bitengine\Game\GameComponent.hpp">
      <Filter>Header Files</Filter>
    </ClInclude>
    <ClInclude Include="roguezombie\bitengine\Game\GameTimer.hpp">
      <Filter>Header Files</Filter>
    </ClInclude>
    <ClInclude Include="roguezombie\bitengine\Audio\MusicManager.hpp">
      <Filter>Header Files</Filter>
    </ClInclude>
    <ClInclude Include="roguezombie\bitengine\Audio\SoundManager.hpp">
      <Filter>Header Files</Filter>
    </ClInclude>
    <ClInclude Include="roguezombie\bitengine\Graphics\SpriteLoader.hpp">
      <Filter>Header Files</Filter>
    </ClInclude>
    <ClInclude Include="roguezombie\bitengine\Graphics\Sprite.hpp">
      <Filter>Header Files</Filter>
    </ClInclude>
    <ClInclude Include="roguezombie\bitengine\Graphics\Camera.hpp">
      <Filter>Header Files</Filter>
    </ClInclude>
    <ClInclude Include="roguezombie\bitengine\Graphics\Animation.hpp">
      <Filter>Header Files</Filter>
    </ClInclude>
    <ClInclude Include="roguezombie\bitengine\Game\Game.hpp">
      <Filter>Header Files</Filter>
    </ClInclude>
    <ClInclude Include="roguezombie\bitengine\Gui\Element.hpp">
      <Filter>Header Files</Filter>
    </ClInclude>
    <ClInclude Include="roguezombie\bitengine\Gui\Effect.hpp">
      <Filter>Header Files</Filter>
    </ClInclude>
    <ClInclude Include="roguezombie\bitengine\Gui\Easing.hpp">
      <Filter>Header Files</Filter>
    </ClInclude>
    <ClInclude Include="roguezombie\bitengine\Gui\Mouse.hpp">
      <Filter>Header Files</Filter>
    </ClInclude>
    <ClInclude Include="roguezombie\bitengine\Gui\MoveEffect.hpp">
      <Filter>Header Files</Filter>
    </ClInclude>
    <ClInclude Include="roguezombie\bitengine\Gui\Picture.hpp">
      <Filter>Header Files</Filter>
    </ClInclude>
    <ClInclude Include="roguezombie\bitengine\Gui\Slider.hpp">
      <Filter>Header Files</Filter>
    </ClInclude>
    <ClInclude Include="roguezombie\bitengine\Gui\Label.hpp">
      <Filter>Header Files</Filter>
    </ClInclude>
    <ClInclude Include="roguezombie\bitengine\Gui\Container.hpp">
      <Filter>Header Files</Filter>
    </ClInclude>
    <ClInclude Include="roguezombie\bitengine\Gui\Checkbox.hpp">
      <Filter>Header Files</Filter>
    </ClInclude>
    <ClInclude Include="roguezombie\bitengine\Intelligence\Astar.hpp">
      <Filter>Header Files</Filter>
    </ClInclude>
    <ClInclude Include="roguezombie\bitengine\Intelligence\Node.hpp">
      <Filter>Header Files</Filter>
    </ClInclude>
    <ClInclude Include="roguezombie\bitengine\Intelligence\NodeContainer.hpp">
      <Filter>Header Files</Filter>
    </ClInclude>
    <ClInclude Include="roguezombie\bitengine\math\Random.hpp">
      <Filter>Header Files</Filter>
    </ClInclude>
    <ClInclude Include="roguezombie\bitengine\System\Output.hpp">
      <Filter>Header Files</Filter>
    </ClInclude>
    <ClInclude Include="roguezombie\bitengine\system\Filesystem.hpp">
      <Filter>Header Files</Filter>
    </ClInclude>
    <ClInclude Include="roguezombie\bitengine\System\PlatformDefinitions.hpp">
      <Filter>Header Files</Filter>
    </ClInclude>
    <ClInclude Include="roguezombie\bitengine\Math\mtrand.hpp">
      <Filter>Header Files</Filter>
    </ClInclude>
    <ClInclude Include="roguezombie\bitengine\Game\State.hpp">
      <Filter>Header Files</Filter>
    </ClInclude>
    <ClInclude Include="roguezombie\bitengine\Game\StateStack.hpp">
      <Filter>Header Files</Filter>
    </ClInclude>
    <ClInclude Include="roguezombie\bitengine\structures\Exception.hpp">
      <Filter>Header Files</Filter>
    </ClInclude>
    <ClInclude Include="roguezombie\bitengine\Network\ClientServerState.hpp">
      <Filter>Header Files</Filter>
    </ClInclude>
    <ClInclude Include="roguezombie\bitengine\Network\ClientPacket.hpp">
      <Filter>Header Files</Filter>
    </ClInclude>
    <ClInclude Include="roguezombie\bitengine\Network\ServerPacket.hpp">
      <Filter>Header Files</Filter>
    </ClInclude>
    <ClInclude Include="roguezombie\bitengine\Network\RemoteClient.hpp">
      <Filter>Header Files</Filter>
    </ClInclude>
    <ClInclude Include="roguezombie\bitengine\Network\Server.hpp">
      <Filter>Header Files</Filter>
    </ClInclude>
    <ClInclude Include="roguezombie\bitengine\Audio.hpp">
      <Filter>Header Files</Filter>
    </ClInclude>
    <ClInclude Include="roguezombie\bitengine\Game.hpp">
      <Filter>Header Files</Filter>
    </ClInclude>
    <ClInclude Include="roguezombie\bitengine\Graphics.hpp">
      <Filter>Header Files</Filter>
    </ClInclude>
    <ClInclude Include="roguezombie\bitengine\Gui.hpp">
      <Filter>Header Files</Filter>
    </ClInclude>
    <ClInclude Include="roguezombie\bitengine\Input.hpp">
      <Filter>Header Files</Filter>
    </ClInclude>
    <ClInclude Include="roguezombie\bitengine\Intelligence.hpp">
      <Filter>Header Files</Filter>
    </ClInclude>
    <ClInclude Include="roguezombie\bitengine\Math.hpp">
      <Filter>Header Files</Filter>
    </ClInclude>
    <ClInclude Include="roguezombie\bitengine\Network.hpp">
      <Filter>Header Files</Filter>
    </ClInclude>
    <ClInclude Include="roguezombie\bitengine\Structures.hpp">
      <Filter>Header Files</Filter>
    </ClInclude>
    <ClInclude Include="roguezombie\bitengine\System.hpp">
      <Filter>Header Files</Filter>
    </ClInclude>
    <ClInclude Include="roguezombie\game\Command.hpp">
      <Filter>Header Files</Filter>
    </ClInclude>
    <ClInclude Include="roguezombie\game\GameplayServer.hpp">
      <Filter>Header Files</Filter>
    </ClInclude>
    <ClInclude Include="roguezombie\game\Player.hpp">
      <Filter>Header Files</Filter>
    </ClInclude>
    <ClInclude Include="roguezombie\game\RogueZombieGame.hpp">
      <Filter>Header Files</Filter>
    </ClInclude>
    <ClInclude Include="roguezombie\game\Tile.hpp">
      <Filter>Header Files</Filter>
    </ClInclude>
    <ClInclude Include="roguezombie\game\Character.hpp">
      <Filter>Header Files</Filter>
    </ClInclude>
    <ClInclude Include="roguezombie\game\characters\Zombie.hpp">
      <Filter>Header Files</Filter>
    </ClInclude>
    <ClInclude Include="roguezombie\game\characters\ZombieClient.hpp">
      <Filter>Header Files</Filter>
    </ClInclude>
    <ClInclude Include="roguezombie\game\TileClient.hpp">
      <Filter>Header Files</Filter>
    </ClInclude>
    <ClInclude Include="roguezombie\game\Body.hpp">
      <Filter>Header Files</Filter>
    </ClInclude>
    <ClInclude Include="roguezombie\game\Structure.hpp">
      <Filter>Header Files</Filter>
    </ClInclude>
    <ClInclude Include="roguezombie\game\structures\Wall.hpp">
      <Filter>Header Files</Filter>
    </ClInclude>
    <ClInclude Include="roguezombie\game\structures\WallClient.hpp">
      <Filter>Header Files</Filter>
    </ClInclude>
    <ClInclude Include="roguezombie\game\characters\Ogre.hpp">
      <Filter>Header Files</Filter>
    </ClInclude>
    <ClInclude Include="roguezombie\game\characters\OgreClient.hpp">
      <Filter>Header Files</Filter>
    </ClInclude>
    <ClInclude Include="roguezombie\bitengine\Intelligence\Shadowcaster.hpp">
      <Filter>Header Files</Filter>
    </ClInclude>
    <ClInclude Include="roguezombie\game\Light.hpp">
      <Filter>Header Files</Filter>
    </ClInclude>
    <ClInclude Include="roguezombie\bitengine\Game\FrameTimer.hpp">
      <Filter>Header Files</Filter>
    </ClInclude>
    <ClInclude Include="roguezombie\game\structures\Door.hpp">
      <Filter>Header Files</Filter>
    </ClInclude>
    <ClInclude Include="roguezombie\game\structures\DoorClient.hpp">
      <Filter>Header Files</Filter>
    </ClInclude>
    <ClInclude Include="roguezombie\bitengine\Graphics\VertexFontMap.hpp">
      <Filter>Header Files</Filter>
    </ClInclude>
    <ClInclude Include="roguezombie\bitengine\Structures\HashPair.hpp">
      <Filter>Header Files</Filter>
    </ClInclude>
    <ClInclude Include="roguezombie\game\Level.hpp">
      <Filter>Header Files</Filter>
    </ClInclude>
    <ClInclude Include="roguezombie\game\LevelClient.hpp">
      <Filter>Header Files</Filter>
    </ClInclude>
    <ClInclude Include="roguezombie\game\LevelClientRunner.hpp">
      <Filter>Header Files</Filter>
    </ClInclude>
    <ClInclude Include="roguezombie\game\LevelRunner.hpp">
      <Filter>Header Files</Filter>
    </ClInclude>
    <ClInclude Include="roguezombie\bitengine\Game\VideoGame.hpp">
      <Filter>Header Files</Filter>
    </ClInclude>
    <ClInclude Include="roguezombie\game\RogueZombieServer.hpp">
      <Filter>Header Files</Filter>
    </ClInclude>
    <ClInclude Include="roguezombie\game\StateGameStart.hpp">
      <Filter>Header Files</Filter>
    </ClInclude>
    <ClInclude Include="roguezombie\game\StateGamePlay.hpp">
      <Filter>Header Files</Filter>
    </ClInclude>
    <ClInclude Include="roguezombie\game\StateServerPlay.hpp">
      <Filter>Header Files</Filter>
    </ClInclude>
    <ClInclude Include="roguezombie\bitengine\Gui\FadeEffect.hpp">
      <Filter>Header Files</Filter>
    </ClInclude>
    <ClInclude Include="roguezombie\game\menus\StartMainMenu.hpp">
      <Filter>Header Files</Filter>
    </ClInclude>
    <ClInclude Include="roguezombie\game\levels\Interior.hpp">
      <Filter>Header Files</Filter>
    </ClInclude>
    <ClInclude Include="roguezombie\game\StateGameError.hpp">
      <Filter>Header Files</Filter>
    </ClInclude>
    <ClInclude Include="roguezombie\game\menus\StateMenu.hpp">
      <Filter>Header Files</Filter>
    </ClInclude>
    <ClInclude Include="roguezombie\game\menus\ErrorMenu.hpp">
      <Filter>Header Files</Filter>
    </ClInclude>
    <ClInclude Include="roguezombie\game\mission\Mission.hpp">
      <Filter>Header Files</Filter>
    </ClInclude>
    <ClInclude Include="roguezombie\game\mission\MissionClient.hpp">
      <Filter>Header Files</Filter>
    </ClInclude>
    <ClInclude Include="roguezombie\game\mission\LogicalType.hpp">
      <Filter>Header Files</Filter>
    </ClInclude>
    <ClInclude Include="roguezombie\game\mission\JournalEntry.hpp">
      <Filter>Header Files</Filter>
    </ClInclude>
    <ClInclude Include="roguezombie\game\hud\HudElement.hpp">
      <Filter>Header Files</Filter>
    </ClInclude>
    <ClInclude Include="roguezombie\game\hud\OptionsBar.hpp">
      <Filter>Header Files</Filter>
    </ClInclude>
    <ClInclude Include="roguezombie\game\hud\Hud.hpp">
      <Filter>Header Files</Filter>
    </ClInclude>
    <ClInclude Include="roguezombie\game\hud\Minimap.hpp">
      <Filter>Header Files</Filter>
    </ClInclude>
    <ClInclude Include="roguezombie\game\GameEvent.hpp">
      <Filter>Header Files</Filter>
    </ClInclude>
    <ClInclude Include="roguezombie\game\items\ItemCategory.hpp">
      <Filter>Header Files</Filter>
    </ClInclude>
    <ClInclude Include="roguezombie\game\items\Item.hpp">
      <Filter>Header Files</Filter>
    </ClInclude>
    <ClInclude Include="roguezombie\game\items\ItemClient.hpp" />
    <ClInclude Include="roguezombie\bitengine\Network\NetworkHelper.hpp">
      <Filter>Header Files</Filter>
    </ClInclude>
    <ClInclude Include="roguezombie\game\CharacterClient.hpp">
      <Filter>Header Files</Filter>
    </ClInclude>
    <ClInclude Include="roguezombie\game\BodyClient.hpp">
      <Filter>Header Files</Filter>
    </ClInclude>
    <ClInclude Include="roguezombie\game\StructureClient.hpp">
      <Filter>Header Files</Filter>
    </ClInclude>
  </ItemGroup>
</Project>