<?xml version="1.0" encoding="utf-8"?>
<Project ToolsVersion="4.0" xmlns="http://schemas.microsoft.com/developer/msbuild/2003">
  <ItemGroup>
    <Filter Include="Source Files">
      <UniqueIdentifier>{4FC737F1-C7A5-4376-A066-2A32D752A2FF}</UniqueIdentifier>
      <Extensions>cpp;c;cc;cxx;def;odl;idl;hpj;bat;asm;asmx</Extensions>
    </Filter>
    <Filter Include="Header Files">
      <UniqueIdentifier>{93995380-89BD-4b04-88EB-625FBE52EBFB}</UniqueIdentifier>
      <Extensions>h;hpp;hxx;hm;inl;inc;xsd</Extensions>
    </Filter>
    <Filter Include="Resource Files">
      <UniqueIdentifier>{67DA6AB6-F800-4c08-8B7A-83BB121AAD01}</UniqueIdentifier>
      <Extensions>rc;ico;cur;bmp;dlg;rc2;rct;bin;rgs;gif;jpg;jpeg;jpe;resx;tiff;tif;png;wav;mfcribbon-ms</Extensions>
    </Filter>
  </ItemGroup>
  <ItemGroup>
    <ClCompile Include="roguezombie\main.cpp">
      <Filter>Source Files</Filter>
    </ClCompile>
    <ClCompile Include="roguezombie\cpd.cpp">
      <Filter>Source Files</Filter>
    </ClCompile>
    <ClCompile Include="roguezombie\ResourcePath.cpp">
      <Filter>Source Files</Filter>
    </ClCompile>
    <ClCompile Include="roguezombie\bitengine\Math.cpp">
      <Filter>Source Files</Filter>
    </ClCompile>
    <ClCompile Include="roguezombie\bitengine\VectorMath.cpp">
      <Filter>Source Files</Filter>
    </ClCompile>
    <ClCompile Include="roguezombie\bitengine\Game\GameTimer.cpp">
      <Filter>Source Files</Filter>
    </ClCompile>
    <ClCompile Include="roguezombie\bitengine\Game\GameComponent.cpp">
      <Filter>Source Files</Filter>
    </ClCompile>
    <ClCompile Include="roguezombie\bitengine\Audio\SoundManager.cpp">
      <Filter>Source Files</Filter>
    </ClCompile>
    <ClCompile Include="roguezombie\bitengine\Audio\MusicManager.cpp">
      <Filter>Source Files</Filter>
    </ClCompile>
    <ClCompile Include="roguezombie\bitengine\Input\InputBinding.cpp">
      <Filter>Source Files</Filter>
    </ClCompile>
    <ClCompile Include="roguezombie\bitengine\Input\InputBindingVector.cpp">
      <Filter>Source Files</Filter>
    </ClCompile>
    <ClCompile Include="roguezombie\bitengine\Input\XinputGamepad.cpp">
      <Filter>Source Files</Filter>
    </ClCompile>
    <ClCompile Include="roguezombie\bitengine\Input\InputManager.cpp">
      <Filter>Source Files</Filter>
    </ClCompile>
    <ClCompile Include="roguezombie\bitengine\Graphics\Vertex3.cpp">
      <Filter>Source Files</Filter>
    </ClCompile>
    <ClCompile Include="roguezombie\bitengine\Graphics\Vertex3Array.cpp">
      <Filter>Source Files</Filter>
    </ClCompile>
    <ClCompile Include="roguezombie\bitengine\Graphics\VertexHelper.cpp">
      <Filter>Source Files</Filter>
    </ClCompile>
    <ClCompile Include="roguezombie\bitengine\Graphics\VertexMap.cpp">
      <Filter>Source Files</Filter>
    </ClCompile>
  </ItemGroup>
  <ItemGroup>
    <None Include="roguezombie\content\Zombie.png">
      <Filter>Resource Files</Filter>
    </None>
  </ItemGroup>
  <ItemGroup>
    <ClInclude Include="roguezombie\cpd.h">
      <Filter>Header Files</Filter>
    </ClInclude>
    <ClInclude Include="roguezombie\ResourcePath.h">
      <Filter>Header Files</Filter>
    </ClInclude>
    <ClInclude Include="roguezombie\bitengine\Math.h">
      <Filter>Header Files</Filter>
    </ClInclude>
    <ClInclude Include="roguezombie\bitengine\VectorMath.h">
      <Filter>Header Files</Filter>
    </ClInclude>
    <ClInclude Include="roguezombie\bitengine\Game\GameTimer.h">
      <Filter>Header Files</Filter>
    </ClInclude>
    <ClInclude Include="roguezombie\bitengine\Structures\Pool.h">
      <Filter>Header Files</Filter>
    </ClInclude>
    <ClInclude Include="roguezombie\bitengine\Structures\Quadtree.h">
      <Filter>Header Files</Filter>
    </ClInclude>
    <ClInclude Include="roguezombie\bitengine\Game\GameComponent.h">
      <Filter>Header Files</Filter>
    </ClInclude>
    <ClInclude Include="roguezombie\bitengine\Audio\SoundManager.h">
      <Filter>Header Files</Filter>
    </ClInclude>
    <ClInclude Include="roguezombie\bitengine\Audio\MusicManager.h">
      <Filter>Header Files</Filter>
    </ClInclude>
    <ClInclude Include="roguezombie\bitengine\Input\InputBinding.h">
      <Filter>Header Files</Filter>
    </ClInclude>
    <ClInclude Include="roguezombie\bitengine\Input\InputBindingVector.h">
      <Filter>Header Files</Filter>
    </ClInclude>
    <ClInclude Include="roguezombie\bitengine\Input\XinputGamepad.h">
      <Filter>Header Files</Filter>
    </ClInclude>
    <ClInclude Include="roguezombie\bitengine\Input\InputManager.h">
      <Filter>Header Files</Filter>
    </ClInclude>
    <ClInclude Include="roguezombie\bitengine\Graphics\Vertex3.h">
      <Filter>Header Files</Filter>
    </ClInclude>
    <ClInclude Include="roguezombie\bitengine\Graphics\Vertex3Array.h">
      <Filter>Header Files</Filter>
    </ClInclude>
    <ClInclude Include="roguezombie\bitengine\Graphics\VertexHelper.h">
      <Filter>Header Files</Filter>
    </ClInclude>
    <ClInclude Include="roguezombie\bitengine\Graphics\VertexMap.h">
      <Filter>Header Files</Filter>
    </ClInclude>
  </ItemGroup>
</Project>